
Microsoft Visual Studio Solution File, Format Version 12.00
# Visual Studio Version 17
VisualStudioVersion = 17.0.31314.256
MinimumVisualStudioVersion = 10.0.40219.1
Project("{2150E333-8FDC-42A3-9474-1A3956D46DE8}") = "Automation", "Automation", "{0BFBE63A-B98A-3411-8EEB-8918FEC737B3}"
EndProject
Project("{2150E333-8FDC-42A3-9474-1A3956D46DE8}") = "Engine", "Engine", "{233774A8-CC9D-3FA9-86D1-90573E92B704}"
EndProject
Project("{2150E333-8FDC-42A3-9474-1A3956D46DE8}") = "Games", "Games", "{DE1F8B53-6C02-3C13-9101-A7C8D96F3FF6}"
EndProject
Project("{2150E333-8FDC-42A3-9474-1A3956D46DE8}") = "Programs", "Programs", "{A338B9E2-A559-34BE-A46D-F789DD488FAD}"
EndProject
Project("{2150E333-8FDC-42A3-9474-1A3956D46DE8}") = "Rules", "Rules", "{C2F57ECE-B26F-39D8-BDA7-C1D40BD8F180}"
EndProject
Project("{2150E333-8FDC-42A3-9474-1A3956D46DE8}") = "Shared", "Shared", "{57713676-9DBE-331C-AD10-26632AC9EE0C}"
EndProject
Project("{2150E333-8FDC-42A3-9474-1A3956D46DE8}") = "UnrealBuildTool.Plugins", "UnrealBuildTool.Plugins", "{7B5CFB44-F0FB-31DF-AE62-C3C096A29A7B}"
EndProject
Project("{8BC9CEB8-8B4A-11D0-8D11-00A0C91BC942}") = "Foci", "Intermediate\ProjectFiles\Foci.vcxproj", "{EE96D978-36EB-3280-B598-5B0A750E537F}"
	ProjectSection(ProjectDependencies) = postProject
		{965D07D3-B794-3146-9033-65365DD7D88A} = {965D07D3-B794-3146-9033-65365DD7D88A}
	EndProjectSection
EndProject
Project("{8BC9CEB8-8B4A-11D0-8D11-00A0C91BC942}") = "UE5", "Intermediate\ProjectFiles\UE5.vcxproj", "{CB909393-A35E-3D8C-A7BC-9B6020183217}"
EndProject
Project("{FAE04EC0-301F-11D3-BF4B-00C04F79EFBC}") = "UnrealBuildTool", "..\..\UE_5.1\Engine\Source\Programs\UnrealBuildTool\UnrealBuildTool.csproj", "{965D07D3-B794-3146-9033-65365DD7D88A}"
EndProject
Project("{FAE04EC0-301F-11D3-BF4B-00C04F79EFBC}") = "AutomationTool", "..\..\UE_5.1\Engine\Source\Programs\AutomationTool\AutomationTool.csproj", "{B68C47D1-1B94-3F70-B1E6-1A8507C87372}"
EndProject
Project("{FAE04EC0-301F-11D3-BF4B-00C04F79EFBC}") = "Android.Automation", "..\..\UE_5.1\Engine\Source\Programs\AutomationTool\Android\Android.Automation.csproj", "{4F2DC4D4-0450-3FFB-9F58-2F3EAA09C399}"
EndProject
Project("{FAE04EC0-301F-11D3-BF4B-00C04F79EFBC}") = "AutomationUtils.Automation", "..\..\UE_5.1\Engine\Source\Programs\AutomationTool\AutomationUtils\AutomationUtils.Automation.csproj", "{07C9AF01-B130-3027-ACE7-F30D4055597A}"
EndProject
Project("{FAE04EC0-301F-11D3-BF4B-00C04F79EFBC}") = "BuildGraph.Automation", "..\..\UE_5.1\Engine\Source\Programs\AutomationTool\BuildGraph\BuildGraph.Automation.csproj", "{434CBDAC-7009-36EE-A326-809FA6149E8E}"
EndProject
Project("{FAE04EC0-301F-11D3-BF4B-00C04F79EFBC}") = "CookedEditor.Automation", "..\..\UE_5.1\Engine\Source\Programs\AutomationTool\CookedEditor\CookedEditor.Automation.csproj", "{9F5443EC-C055-396E-B4CF-74B8EA026D87}"
EndProject
Project("{FAE04EC0-301F-11D3-BF4B-00C04F79EFBC}") = "CrowdinLocalization.Automation", "..\..\UE_5.1\Engine\Source\Programs\AutomationTool\CrowdinLocalization\CrowdinLocalization.Automation.csproj", "{5F0C079F-2BC3-3E6D-B3AA-8FEB3A48F8E4}"
EndProject
Project("{FAE04EC0-301F-11D3-BF4B-00C04F79EFBC}") = "Gauntlet.Automation", "..\..\UE_5.1\Engine\Source\Programs\AutomationTool\Gauntlet\Gauntlet.Automation.csproj", "{6B6011FA-DD11-355E-804C-A88932BFE962}"
EndProject
Project("{FAE04EC0-301F-11D3-BF4B-00C04F79EFBC}") = "IOS.Automation", "..\..\UE_5.1\Engine\Source\Programs\AutomationTool\IOS\IOS.Automation.csproj", "{20862BB6-8DE2-325F-993C-DA509FC39930}"
EndProject
Project("{FAE04EC0-301F-11D3-BF4B-00C04F79EFBC}") = "Linux.Automation", "..\..\UE_5.1\Engine\Source\Programs\AutomationTool\Linux\Linux.Automation.csproj", "{10CF83BB-5BD7-3267-AFD6-8A5F5BC9ED8F}"
EndProject
Project("{FAE04EC0-301F-11D3-BF4B-00C04F79EFBC}") = "Localization.Automation", "..\..\UE_5.1\Engine\Source\Programs\AutomationTool\Localization\Localization.Automation.csproj", "{92A24734-AE18-3107-9185-6F517C2EB7A6}"
EndProject
Project("{FAE04EC0-301F-11D3-BF4B-00C04F79EFBC}") = "LowLevelTests.Automation", "..\..\UE_5.1\Engine\Source\Programs\AutomationTool\LowLevelTests\LowLevelTests.Automation.csproj", "{327138D3-9CDF-37B4-B0AD-22B08B907367}"
EndProject
Project("{FAE04EC0-301F-11D3-BF4B-00C04F79EFBC}") = "Mac.Automation", "..\..\UE_5.1\Engine\Source\Programs\AutomationTool\Mac\Mac.Automation.csproj", "{1F60C35C-7F13-35E8-8F7E-F0B13959B9CB}"
EndProject
Project("{FAE04EC0-301F-11D3-BF4B-00C04F79EFBC}") = "OneSkyLocalization.Automation", "..\..\UE_5.1\Engine\Source\Programs\AutomationTool\OneSkyLocalization\OneSkyLocalization.Automation.csproj", "{B72ADE17-13A6-3826-ACCC-9D9C29A6FFAA}"
EndProject
Project("{FAE04EC0-301F-11D3-BF4B-00C04F79EFBC}") = "AutomationScripts.Automation", "..\..\UE_5.1\Engine\Source\Programs\AutomationTool\Scripts\AutomationScripts.Automation.csproj", "{08369896-E51C-3ADF-9E69-FC02A1FDD86D}"
EndProject
Project("{FAE04EC0-301F-11D3-BF4B-00C04F79EFBC}") = "SmartlingLocalization.Automation", "..\..\UE_5.1\Engine\Source\Programs\AutomationTool\SmartlingLocalization\SmartlingLocalization.Automation.csproj", "{11311392-C1BF-3505-AA43-2D133A4E6EE6}"
EndProject
Project("{FAE04EC0-301F-11D3-BF4B-00C04F79EFBC}") = "SteamDeck.Automation", "..\..\UE_5.1\Engine\Source\Programs\AutomationTool\SteamDeck\SteamDeck.Automation.csproj", "{CA22C2C6-7A0D-3CB9-99A9-AFFD170E67EA}"
EndProject
Project("{FAE04EC0-301F-11D3-BF4B-00C04F79EFBC}") = "TVOS.Automation", "..\..\UE_5.1\Engine\Source\Programs\AutomationTool\TVOS\TVOS.Automation.csproj", "{87D32A36-8268-39C5-A597-B93C5E73C57D}"
EndProject
Project("{FAE04EC0-301F-11D3-BF4B-00C04F79EFBC}") = "Turnkey.Automation", "..\..\UE_5.1\Engine\Source\Programs\AutomationTool\Turnkey\Turnkey.Automation.csproj", "{BD9F0A4D-7820-3DA5-BD85-A8120CFB5C9C}"
EndProject
Project("{FAE04EC0-301F-11D3-BF4B-00C04F79EFBC}") = "Win.Automation", "..\..\UE_5.1\Engine\Source\Programs\AutomationTool\Win\Win.Automation.csproj", "{F0B04569-17C5-3782-9D57-77EB59982CCD}"
EndProject
Project("{FAE04EC0-301F-11D3-BF4B-00C04F79EFBC}") = "XLocLocalization.Automation", "..\..\UE_5.1\Engine\Source\Programs\AutomationTool\XLocLocalization\XLocLocalization.Automation.csproj", "{7066ACF7-F24A-36F4-9947-AFFA4E358B5E}"
EndProject
Project("{FAE04EC0-301F-11D3-BF4B-00C04F79EFBC}") = "HoloLens.Automation", "..\..\UE_5.1\Engine\Platforms\Hololens\Source\Programs\AutomationTool\HoloLens.Automation.csproj", "{E20D1A09-B735-3202-9B84-EA97CE70AF37}"
EndProject
Project("{FAE04EC0-301F-11D3-BF4B-00C04F79EFBC}") = "ScriptGeneratorUbtPlugin.ubtplugin", "..\..\UE_5.1\Engine\Plugins\ScriptPlugin\Source\ScriptGeneratorUbtPlugin\ScriptGeneratorUbtPlugin.ubtplugin.csproj", "{2A3D21E6-E705-38C7-B908-9B00C2BE112C}"
EndProject
Project("{FAE04EC0-301F-11D3-BF4B-00C04F79EFBC}") = "EpicGames.AspNet", "..\..\UE_5.1\Engine\Source\Programs\Shared\EpicGames.AspNet\EpicGames.AspNet.csproj", "{B3FB643C-D5AF-384A-914A-AAAFFE11855B}"
EndProject
Project("{FAE04EC0-301F-11D3-BF4B-00C04F79EFBC}") = "EpicGames.Build", "..\..\UE_5.1\Engine\Source\Programs\Shared\EpicGames.Build\EpicGames.Build.csproj", "{FB483518-D3E5-3887-B35E-FE2F6853AD81}"
EndProject
Project("{FAE04EC0-301F-11D3-BF4B-00C04F79EFBC}") = "EpicGames.BuildGraph", "..\..\UE_5.1\Engine\Source\Programs\Shared\EpicGames.BuildGraph\EpicGames.BuildGraph.csproj", "{C20DCCD8-A1CC-3C08-93CB-4924D134DAC2}"
EndProject
Project("{FAE04EC0-301F-11D3-BF4B-00C04F79EFBC}") = "EpicGames.BuildGraph.Tests", "..\..\UE_5.1\Engine\Source\Programs\Shared\EpicGames.BuildGraph.Tests\EpicGames.BuildGraph.Tests.csproj", "{99463227-1284-35E3-9141-C68AFEED1671}"
EndProject
Project("{FAE04EC0-301F-11D3-BF4B-00C04F79EFBC}") = "EpicGames.Core", "..\..\UE_5.1\Engine\Source\Programs\Shared\EpicGames.Core\EpicGames.Core.csproj", "{435F1398-EE19-3B85-BCB0-C165A2028128}"
EndProject
Project("{FAE04EC0-301F-11D3-BF4B-00C04F79EFBC}") = "EpicGames.Core.Tests", "..\..\UE_5.1\Engine\Source\Programs\Shared\EpicGames.Core.Tests\EpicGames.Core.Tests.csproj", "{8C31AB51-84A6-35E9-8D5F-92B579E25F54}"
EndProject
Project("{FAE04EC0-301F-11D3-BF4B-00C04F79EFBC}") = "EpicGames.Horde", "..\..\UE_5.1\Engine\Source\Programs\Shared\EpicGames.Horde\EpicGames.Horde.csproj", "{4C984D06-A2F7-3232-8A38-7CC92D2B286E}"
EndProject
Project("{FAE04EC0-301F-11D3-BF4B-00C04F79EFBC}") = "EpicGames.Horde.Tests", "..\..\UE_5.1\Engine\Source\Programs\Shared\EpicGames.Horde.Tests\EpicGames.Horde.Tests.csproj", "{69A25F92-5669-39D5-BFE2-C37FAC9100B8}"
EndProject
Project("{FAE04EC0-301F-11D3-BF4B-00C04F79EFBC}") = "EpicGames.IoHash", "..\..\UE_5.1\Engine\Source\Programs\Shared\EpicGames.IoHash\EpicGames.IoHash.csproj", "{5BF780DE-C14D-391F-85EE-018D562E88FC}"
EndProject
Project("{FAE04EC0-301F-11D3-BF4B-00C04F79EFBC}") = "EpicGames.Jupiter", "..\..\UE_5.1\Engine\Source\Programs\Shared\EpicGames.Jupiter\EpicGames.Jupiter.csproj", "{FEDB6A68-F641-373C-8D9C-867C59938A3B}"
EndProject
Project("{FAE04EC0-301F-11D3-BF4B-00C04F79EFBC}") = "EpicGames.MongoDB", "..\..\UE_5.1\Engine\Source\Programs\Shared\EpicGames.MongoDB\EpicGames.MongoDB.csproj", "{2C061236-B2F5-399A-8790-E6DB8C43CDC4}"
EndProject
Project("{FAE04EC0-301F-11D3-BF4B-00C04F79EFBC}") = "EpicGames.MsBuild", "..\..\UE_5.1\Engine\Source\Programs\Shared\EpicGames.MsBuild\EpicGames.MsBuild.csproj", "{72B881F5-AD72-3AA9-B305-41EDD31FD550}"
EndProject
Project("{FAE04EC0-301F-11D3-BF4B-00C04F79EFBC}") = "EpicGames.OIDC", "..\..\UE_5.1\Engine\Source\Programs\Shared\EpicGames.OIDC\EpicGames.OIDC.csproj", "{41CF8B54-3293-3E59-BC3D-237586A4BBDB}"
EndProject
Project("{FAE04EC0-301F-11D3-BF4B-00C04F79EFBC}") = "EpicGames.Perforce", "..\..\UE_5.1\Engine\Source\Programs\Shared\EpicGames.Perforce\EpicGames.Perforce.csproj", "{6CDE87D7-4FC6-339C-AD13-EA0659C1A77A}"
EndProject
Project("{FAE04EC0-301F-11D3-BF4B-00C04F79EFBC}") = "EpicGames.Perforce.Managed", "..\..\UE_5.1\Engine\Source\Programs\Shared\EpicGames.Perforce.Managed\EpicGames.Perforce.Managed.csproj", "{7D7D803E-1EF8-3B92-8BF2-753466229E81}"
EndProject
Project("{FAE04EC0-301F-11D3-BF4B-00C04F79EFBC}") = "EpicGames.Redis", "..\..\UE_5.1\Engine\Source\Programs\Shared\EpicGames.Redis\EpicGames.Redis.csproj", "{4183AB32-2173-30DF-AD21-8C1E236341F6}"
EndProject
Project("{FAE04EC0-301F-11D3-BF4B-00C04F79EFBC}") = "EpicGames.Serialization", "..\..\UE_5.1\Engine\Source\Programs\Shared\EpicGames.Serialization\EpicGames.Serialization.csproj", "{36BD2B1B-A873-3182-A9FE-35446DFD0DB3}"
EndProject
Project("{FAE04EC0-301F-11D3-BF4B-00C04F79EFBC}") = "EpicGames.Serialization.Tests", "..\..\UE_5.1\Engine\Source\Programs\Shared\EpicGames.Serialization.Tests\EpicGames.Serialization.Tests.csproj", "{2E0B2C2C-53F1-3639-96FB-69EE3518107E}"
EndProject
Project("{FAE04EC0-301F-11D3-BF4B-00C04F79EFBC}") = "EpicGames.Slack", "..\..\UE_5.1\Engine\Source\Programs\Shared\EpicGames.Slack\EpicGames.Slack.csproj", "{ABD342C8-153F-3CAC-8D26-620A8F3521D3}"
EndProject
Project("{FAE04EC0-301F-11D3-BF4B-00C04F79EFBC}") = "EpicGames.Tracing", "..\..\UE_5.1\Engine\Source\Programs\Shared\EpicGames.Tracing\EpicGames.Tracing.csproj", "{C8FC14A1-5138-39D0-915B-947A7037057A}"
EndProject
Project("{FAE04EC0-301F-11D3-BF4B-00C04F79EFBC}") = "EpicGames.Tracing.Tests", "..\..\UE_5.1\Engine\Source\Programs\Shared\EpicGames.Tracing.Tests\EpicGames.Tracing.Tests.csproj", "{A0EBEF9A-C6D2-3DA6-A66F-CA2D2830F215}"
EndProject
Project("{FAE04EC0-301F-11D3-BF4B-00C04F79EFBC}") = "EpicGames.UHT", "..\..\UE_5.1\Engine\Source\Programs\Shared\EpicGames.UHT\EpicGames.UHT.csproj", "{A5DE8264-AF01-38FD-94F6-3591F2A96844}"
EndProject
Project("{FAE04EC0-301F-11D3-BF4B-00C04F79EFBC}") = "AutomationToolLauncher", "..\..\UE_5.1\Engine\Source\Programs\AutomationToolLauncher\AutomationToolLauncher.csproj", "{13D6CA37-9F29-31AC-BA39-58304B5D604F}"
EndProject
Project("{FAE04EC0-301F-11D3-BF4B-00C04F79EFBC}") = "FociModuleRules", "Intermediate\Build\BuildRulesProjects\FociModuleRules\FociModuleRules.csproj", "{7E15E45E-DEB9-3D1A-B107-E0DBB5BD7D46}"
EndProject
Project("{FAE04EC0-301F-11D3-BF4B-00C04F79EFBC}") = "MarketplaceRules", "..\..\UE_5.1\Engine\Intermediate\Build\BuildRulesProjects\MarketplaceRules\MarketplaceRules.csproj", "{857619BC-24F4-3ACE-84EB-6CE3AC3D9067}"
EndProject
Project("{FAE04EC0-301F-11D3-BF4B-00C04F79EFBC}") = "UE5ProgramRules", "..\..\UE_5.1\Engine\Intermediate\Build\BuildRulesProjects\UE5ProgramRules\UE5ProgramRules.csproj", "{9C435FA5-B593-3DAE-AE54-027B6B009D67}"
EndProject
Project("{FAE04EC0-301F-11D3-BF4B-00C04F79EFBC}") = "UE5Rules", "..\..\UE_5.1\Engine\Intermediate\Build\BuildRulesProjects\UE5Rules\UE5Rules.csproj", "{C3ABF7D3-78F7-37C1-AA02-6B72F5CEFCCE}"
EndProject
Project("{2150E333-8FDC-42A3-9474-1A3956D46DE8}") = "Visualizers", "Visualizers", "{1CCEC849-CC72-4C59-8C36-2F7C38706D4C}"
	ProjectSection(SolutionItems) = preProject
		..\..\UE_5.1\Engine\Extras\VisualStudioDebugging\Unreal.natvis = ..\..\UE_5.1\Engine\Extras\VisualStudioDebugging\Unreal.natvis
	EndProjectSection
EndProject
Global
	GlobalSection(SolutionConfigurationPlatforms) = preSolution
		DebugGame Editor|Win64 = DebugGame Editor|Win64
		DebugGame|Win64 = DebugGame|Win64
		Development Editor|Win64 = Development Editor|Win64
		Development|Win64 = Development|Win64
		Shipping|Win64 = Shipping|Win64
	EndGlobalSection
	# UnrealVS Section
	GlobalSection(ddbf523f-7eb6-4887-bd51-85a714ff87eb) = preSolution
		AvailablePlatforms=Win64
	EndGlobalSection
	GlobalSection(ProjectConfigurationPlatforms) = postSolution
		{EE96D978-36EB-3280-B598-5B0A750E537F}.DebugGame Editor|Win64.ActiveCfg = DebugGame_Editor|x64
		{EE96D978-36EB-3280-B598-5B0A750E537F}.DebugGame Editor|Win64.Build.0 = DebugGame_Editor|x64
		{EE96D978-36EB-3280-B598-5B0A750E537F}.DebugGame|Win64.ActiveCfg = DebugGame|x64
		{EE96D978-36EB-3280-B598-5B0A750E537F}.DebugGame|Win64.Build.0 = DebugGame|x64
		{EE96D978-36EB-3280-B598-5B0A750E537F}.Development Editor|Win64.ActiveCfg = Development_Editor|x64
		{EE96D978-36EB-3280-B598-5B0A750E537F}.Development Editor|Win64.Build.0 = Development_Editor|x64
		{EE96D978-36EB-3280-B598-5B0A750E537F}.Development|Win64.ActiveCfg = Development|x64
		{EE96D978-36EB-3280-B598-5B0A750E537F}.Development|Win64.Build.0 = Development|x64
		{EE96D978-36EB-3280-B598-5B0A750E537F}.Shipping|Win64.ActiveCfg = Shipping|x64
		{EE96D978-36EB-3280-B598-5B0A750E537F}.Shipping|Win64.Build.0 = Shipping|x64
		{CB909393-A35E-3D8C-A7BC-9B6020183217}.DebugGame Editor|Win64.ActiveCfg = BuiltWithUnrealBuildTool|Win64
		{CB909393-A35E-3D8C-A7BC-9B6020183217}.DebugGame|Win64.ActiveCfg = BuiltWithUnrealBuildTool|Win64
		{CB909393-A35E-3D8C-A7BC-9B6020183217}.Development Editor|Win64.ActiveCfg = BuiltWithUnrealBuildTool|Win64
		{CB909393-A35E-3D8C-A7BC-9B6020183217}.Development|Win64.ActiveCfg = BuiltWithUnrealBuildTool|Win64
		{CB909393-A35E-3D8C-A7BC-9B6020183217}.Shipping|Win64.ActiveCfg = BuiltWithUnrealBuildTool|Win64
		{965D07D3-B794-3146-9033-65365DD7D88A}.DebugGame Editor|Win64.ActiveCfg = Development|Any CPU
		{965D07D3-B794-3146-9033-65365DD7D88A}.DebugGame Editor|Win64.Build.0 = Development|Any CPU
		{965D07D3-B794-3146-9033-65365DD7D88A}.DebugGame|Win64.ActiveCfg = Development|Any CPU
		{965D07D3-B794-3146-9033-65365DD7D88A}.DebugGame|Win64.Build.0 = Development|Any CPU
		{965D07D3-B794-3146-9033-65365DD7D88A}.Development Editor|Win64.ActiveCfg = Development|Any CPU
		{965D07D3-B794-3146-9033-65365DD7D88A}.Development Editor|Win64.Build.0 = Development|Any CPU
		{965D07D3-B794-3146-9033-65365DD7D88A}.Development|Win64.ActiveCfg = Development|Any CPU
		{965D07D3-B794-3146-9033-65365DD7D88A}.Development|Win64.Build.0 = Development|Any CPU
		{965D07D3-B794-3146-9033-65365DD7D88A}.Shipping|Win64.ActiveCfg = Development|Any CPU
		{965D07D3-B794-3146-9033-65365DD7D88A}.Shipping|Win64.Build.0 = Development|Any CPU
		{B68C47D1-1B94-3F70-B1E6-1A8507C87372}.DebugGame Editor|Win64.ActiveCfg = Development|Any CPU
		{B68C47D1-1B94-3F70-B1E6-1A8507C87372}.DebugGame Editor|Win64.Build.0 = Development|Any CPU
		{B68C47D1-1B94-3F70-B1E6-1A8507C87372}.DebugGame|Win64.ActiveCfg = Development|Any CPU
		{B68C47D1-1B94-3F70-B1E6-1A8507C87372}.DebugGame|Win64.Build.0 = Development|Any CPU
		{B68C47D1-1B94-3F70-B1E6-1A8507C87372}.Development Editor|Win64.ActiveCfg = Development|Any CPU
		{B68C47D1-1B94-3F70-B1E6-1A8507C87372}.Development Editor|Win64.Build.0 = Development|Any CPU
		{B68C47D1-1B94-3F70-B1E6-1A8507C87372}.Development|Win64.ActiveCfg = Development|Any CPU
		{B68C47D1-1B94-3F70-B1E6-1A8507C87372}.Development|Win64.Build.0 = Development|Any CPU
		{B68C47D1-1B94-3F70-B1E6-1A8507C87372}.Shipping|Win64.ActiveCfg = Development|Any CPU
		{B68C47D1-1B94-3F70-B1E6-1A8507C87372}.Shipping|Win64.Build.0 = Development|Any CPU
		{4F2DC4D4-0450-3FFB-9F58-2F3EAA09C399}.DebugGame Editor|Win64.ActiveCfg = Development|Any CPU
		{4F2DC4D4-0450-3FFB-9F58-2F3EAA09C399}.DebugGame Editor|Win64.Build.0 = Development|Any CPU
		{4F2DC4D4-0450-3FFB-9F58-2F3EAA09C399}.DebugGame|Win64.ActiveCfg = Development|Any CPU
		{4F2DC4D4-0450-3FFB-9F58-2F3EAA09C399}.DebugGame|Win64.Build.0 = Development|Any CPU
		{4F2DC4D4-0450-3FFB-9F58-2F3EAA09C399}.Development Editor|Win64.ActiveCfg = Development|Any CPU
		{4F2DC4D4-0450-3FFB-9F58-2F3EAA09C399}.Development Editor|Win64.Build.0 = Development|Any CPU
		{4F2DC4D4-0450-3FFB-9F58-2F3EAA09C399}.Development|Win64.ActiveCfg = Development|Any CPU
		{4F2DC4D4-0450-3FFB-9F58-2F3EAA09C399}.Development|Win64.Build.0 = Development|Any CPU
		{4F2DC4D4-0450-3FFB-9F58-2F3EAA09C399}.Shipping|Win64.ActiveCfg = Development|Any CPU
		{4F2DC4D4-0450-3FFB-9F58-2F3EAA09C399}.Shipping|Win64.Build.0 = Development|Any CPU
		{07C9AF01-B130-3027-ACE7-F30D4055597A}.DebugGame Editor|Win64.ActiveCfg = Development|Any CPU
		{07C9AF01-B130-3027-ACE7-F30D4055597A}.DebugGame Editor|Win64.Build.0 = Development|Any CPU
		{07C9AF01-B130-3027-ACE7-F30D4055597A}.DebugGame|Win64.ActiveCfg = Development|Any CPU
		{07C9AF01-B130-3027-ACE7-F30D4055597A}.DebugGame|Win64.Build.0 = Development|Any CPU
		{07C9AF01-B130-3027-ACE7-F30D4055597A}.Development Editor|Win64.ActiveCfg = Development|Any CPU
		{07C9AF01-B130-3027-ACE7-F30D4055597A}.Development Editor|Win64.Build.0 = Development|Any CPU
		{07C9AF01-B130-3027-ACE7-F30D4055597A}.Development|Win64.ActiveCfg = Development|Any CPU
		{07C9AF01-B130-3027-ACE7-F30D4055597A}.Development|Win64.Build.0 = Development|Any CPU
		{07C9AF01-B130-3027-ACE7-F30D4055597A}.Shipping|Win64.ActiveCfg = Development|Any CPU
		{07C9AF01-B130-3027-ACE7-F30D4055597A}.Shipping|Win64.Build.0 = Development|Any CPU
		{434CBDAC-7009-36EE-A326-809FA6149E8E}.DebugGame Editor|Win64.ActiveCfg = Development|Any CPU
		{434CBDAC-7009-36EE-A326-809FA6149E8E}.DebugGame Editor|Win64.Build.0 = Development|Any CPU
		{434CBDAC-7009-36EE-A326-809FA6149E8E}.DebugGame|Win64.ActiveCfg = Development|Any CPU
		{434CBDAC-7009-36EE-A326-809FA6149E8E}.DebugGame|Win64.Build.0 = Development|Any CPU
		{434CBDAC-7009-36EE-A326-809FA6149E8E}.Development Editor|Win64.ActiveCfg = Development|Any CPU
		{434CBDAC-7009-36EE-A326-809FA6149E8E}.Development Editor|Win64.Build.0 = Development|Any CPU
		{434CBDAC-7009-36EE-A326-809FA6149E8E}.Development|Win64.ActiveCfg = Development|Any CPU
		{434CBDAC-7009-36EE-A326-809FA6149E8E}.Development|Win64.Build.0 = Development|Any CPU
		{434CBDAC-7009-36EE-A326-809FA6149E8E}.Shipping|Win64.ActiveCfg = Development|Any CPU
		{434CBDAC-7009-36EE-A326-809FA6149E8E}.Shipping|Win64.Build.0 = Development|Any CPU
		{9F5443EC-C055-396E-B4CF-74B8EA026D87}.DebugGame Editor|Win64.ActiveCfg = Development|Any CPU
		{9F5443EC-C055-396E-B4CF-74B8EA026D87}.DebugGame Editor|Win64.Build.0 = Development|Any CPU
		{9F5443EC-C055-396E-B4CF-74B8EA026D87}.DebugGame|Win64.ActiveCfg = Development|Any CPU
		{9F5443EC-C055-396E-B4CF-74B8EA026D87}.DebugGame|Win64.Build.0 = Development|Any CPU
		{9F5443EC-C055-396E-B4CF-74B8EA026D87}.Development Editor|Win64.ActiveCfg = Development|Any CPU
		{9F5443EC-C055-396E-B4CF-74B8EA026D87}.Development Editor|Win64.Build.0 = Development|Any CPU
		{9F5443EC-C055-396E-B4CF-74B8EA026D87}.Development|Win64.ActiveCfg = Development|Any CPU
		{9F5443EC-C055-396E-B4CF-74B8EA026D87}.Development|Win64.Build.0 = Development|Any CPU
		{9F5443EC-C055-396E-B4CF-74B8EA026D87}.Shipping|Win64.ActiveCfg = Development|Any CPU
		{9F5443EC-C055-396E-B4CF-74B8EA026D87}.Shipping|Win64.Build.0 = Development|Any CPU
		{5F0C079F-2BC3-3E6D-B3AA-8FEB3A48F8E4}.DebugGame Editor|Win64.ActiveCfg = Development|Any CPU
		{5F0C079F-2BC3-3E6D-B3AA-8FEB3A48F8E4}.DebugGame Editor|Win64.Build.0 = Development|Any CPU
		{5F0C079F-2BC3-3E6D-B3AA-8FEB3A48F8E4}.DebugGame|Win64.ActiveCfg = Development|Any CPU
		{5F0C079F-2BC3-3E6D-B3AA-8FEB3A48F8E4}.DebugGame|Win64.Build.0 = Development|Any CPU
		{5F0C079F-2BC3-3E6D-B3AA-8FEB3A48F8E4}.Development Editor|Win64.ActiveCfg = Development|Any CPU
		{5F0C079F-2BC3-3E6D-B3AA-8FEB3A48F8E4}.Development Editor|Win64.Build.0 = Development|Any CPU
		{5F0C079F-2BC3-3E6D-B3AA-8FEB3A48F8E4}.Development|Win64.ActiveCfg = Development|Any CPU
		{5F0C079F-2BC3-3E6D-B3AA-8FEB3A48F8E4}.Development|Win64.Build.0 = Development|Any CPU
		{5F0C079F-2BC3-3E6D-B3AA-8FEB3A48F8E4}.Shipping|Win64.ActiveCfg = Development|Any CPU
		{5F0C079F-2BC3-3E6D-B3AA-8FEB3A48F8E4}.Shipping|Win64.Build.0 = Development|Any CPU
		{6B6011FA-DD11-355E-804C-A88932BFE962}.DebugGame Editor|Win64.ActiveCfg = Development|Any CPU
		{6B6011FA-DD11-355E-804C-A88932BFE962}.DebugGame Editor|Win64.Build.0 = Development|Any CPU
		{6B6011FA-DD11-355E-804C-A88932BFE962}.DebugGame|Win64.ActiveCfg = Development|Any CPU
		{6B6011FA-DD11-355E-804C-A88932BFE962}.DebugGame|Win64.Build.0 = Development|Any CPU
		{6B6011FA-DD11-355E-804C-A88932BFE962}.Development Editor|Win64.ActiveCfg = Development|Any CPU
		{6B6011FA-DD11-355E-804C-A88932BFE962}.Development Editor|Win64.Build.0 = Development|Any CPU
		{6B6011FA-DD11-355E-804C-A88932BFE962}.Development|Win64.ActiveCfg = Development|Any CPU
		{6B6011FA-DD11-355E-804C-A88932BFE962}.Development|Win64.Build.0 = Development|Any CPU
		{6B6011FA-DD11-355E-804C-A88932BFE962}.Shipping|Win64.ActiveCfg = Development|Any CPU
		{6B6011FA-DD11-355E-804C-A88932BFE962}.Shipping|Win64.Build.0 = Development|Any CPU
		{20862BB6-8DE2-325F-993C-DA509FC39930}.DebugGame Editor|Win64.ActiveCfg = Development|Any CPU
		{20862BB6-8DE2-325F-993C-DA509FC39930}.DebugGame Editor|Win64.Build.0 = Development|Any CPU
		{20862BB6-8DE2-325F-993C-DA509FC39930}.DebugGame|Win64.ActiveCfg = Development|Any CPU
		{20862BB6-8DE2-325F-993C-DA509FC39930}.DebugGame|Win64.Build.0 = Development|Any CPU
		{20862BB6-8DE2-325F-993C-DA509FC39930}.Development Editor|Win64.ActiveCfg = Development|Any CPU
		{20862BB6-8DE2-325F-993C-DA509FC39930}.Development Editor|Win64.Build.0 = Development|Any CPU
		{20862BB6-8DE2-325F-993C-DA509FC39930}.Development|Win64.ActiveCfg = Development|Any CPU
		{20862BB6-8DE2-325F-993C-DA509FC39930}.Development|Win64.Build.0 = Development|Any CPU
		{20862BB6-8DE2-325F-993C-DA509FC39930}.Shipping|Win64.ActiveCfg = Development|Any CPU
		{20862BB6-8DE2-325F-993C-DA509FC39930}.Shipping|Win64.Build.0 = Development|Any CPU
		{10CF83BB-5BD7-3267-AFD6-8A5F5BC9ED8F}.DebugGame Editor|Win64.ActiveCfg = Development|Any CPU
		{10CF83BB-5BD7-3267-AFD6-8A5F5BC9ED8F}.DebugGame Editor|Win64.Build.0 = Development|Any CPU
		{10CF83BB-5BD7-3267-AFD6-8A5F5BC9ED8F}.DebugGame|Win64.ActiveCfg = Development|Any CPU
		{10CF83BB-5BD7-3267-AFD6-8A5F5BC9ED8F}.DebugGame|Win64.Build.0 = Development|Any CPU
		{10CF83BB-5BD7-3267-AFD6-8A5F5BC9ED8F}.Development Editor|Win64.ActiveCfg = Development|Any CPU
		{10CF83BB-5BD7-3267-AFD6-8A5F5BC9ED8F}.Development Editor|Win64.Build.0 = Development|Any CPU
		{10CF83BB-5BD7-3267-AFD6-8A5F5BC9ED8F}.Development|Win64.ActiveCfg = Development|Any CPU
		{10CF83BB-5BD7-3267-AFD6-8A5F5BC9ED8F}.Development|Win64.Build.0 = Development|Any CPU
		{10CF83BB-5BD7-3267-AFD6-8A5F5BC9ED8F}.Shipping|Win64.ActiveCfg = Development|Any CPU
		{10CF83BB-5BD7-3267-AFD6-8A5F5BC9ED8F}.Shipping|Win64.Build.0 = Development|Any CPU
		{92A24734-AE18-3107-9185-6F517C2EB7A6}.DebugGame Editor|Win64.ActiveCfg = Development|Any CPU
		{92A24734-AE18-3107-9185-6F517C2EB7A6}.DebugGame Editor|Win64.Build.0 = Development|Any CPU
		{92A24734-AE18-3107-9185-6F517C2EB7A6}.DebugGame|Win64.ActiveCfg = Development|Any CPU
		{92A24734-AE18-3107-9185-6F517C2EB7A6}.DebugGame|Win64.Build.0 = Development|Any CPU
		{92A24734-AE18-3107-9185-6F517C2EB7A6}.Development Editor|Win64.ActiveCfg = Development|Any CPU
		{92A24734-AE18-3107-9185-6F517C2EB7A6}.Development Editor|Win64.Build.0 = Development|Any CPU
		{92A24734-AE18-3107-9185-6F517C2EB7A6}.Development|Win64.ActiveCfg = Development|Any CPU
		{92A24734-AE18-3107-9185-6F517C2EB7A6}.Development|Win64.Build.0 = Development|Any CPU
		{92A24734-AE18-3107-9185-6F517C2EB7A6}.Shipping|Win64.ActiveCfg = Development|Any CPU
		{92A24734-AE18-3107-9185-6F517C2EB7A6}.Shipping|Win64.Build.0 = Development|Any CPU
		{327138D3-9CDF-37B4-B0AD-22B08B907367}.DebugGame Editor|Win64.ActiveCfg = Development|Any CPU
		{327138D3-9CDF-37B4-B0AD-22B08B907367}.DebugGame Editor|Win64.Build.0 = Development|Any CPU
		{327138D3-9CDF-37B4-B0AD-22B08B907367}.DebugGame|Win64.ActiveCfg = Development|Any CPU
		{327138D3-9CDF-37B4-B0AD-22B08B907367}.DebugGame|Win64.Build.0 = Development|Any CPU
		{327138D3-9CDF-37B4-B0AD-22B08B907367}.Development Editor|Win64.ActiveCfg = Development|Any CPU
		{327138D3-9CDF-37B4-B0AD-22B08B907367}.Development Editor|Win64.Build.0 = Development|Any CPU
		{327138D3-9CDF-37B4-B0AD-22B08B907367}.Development|Win64.ActiveCfg = Development|Any CPU
		{327138D3-9CDF-37B4-B0AD-22B08B907367}.Development|Win64.Build.0 = Development|Any CPU
		{327138D3-9CDF-37B4-B0AD-22B08B907367}.Shipping|Win64.ActiveCfg = Development|Any CPU
		{327138D3-9CDF-37B4-B0AD-22B08B907367}.Shipping|Win64.Build.0 = Development|Any CPU
		{1F60C35C-7F13-35E8-8F7E-F0B13959B9CB}.DebugGame Editor|Win64.ActiveCfg = Development|Any CPU
		{1F60C35C-7F13-35E8-8F7E-F0B13959B9CB}.DebugGame Editor|Win64.Build.0 = Development|Any CPU
		{1F60C35C-7F13-35E8-8F7E-F0B13959B9CB}.DebugGame|Win64.ActiveCfg = Development|Any CPU
		{1F60C35C-7F13-35E8-8F7E-F0B13959B9CB}.DebugGame|Win64.Build.0 = Development|Any CPU
		{1F60C35C-7F13-35E8-8F7E-F0B13959B9CB}.Development Editor|Win64.ActiveCfg = Development|Any CPU
		{1F60C35C-7F13-35E8-8F7E-F0B13959B9CB}.Development Editor|Win64.Build.0 = Development|Any CPU
		{1F60C35C-7F13-35E8-8F7E-F0B13959B9CB}.Development|Win64.ActiveCfg = Development|Any CPU
		{1F60C35C-7F13-35E8-8F7E-F0B13959B9CB}.Development|Win64.Build.0 = Development|Any CPU
		{1F60C35C-7F13-35E8-8F7E-F0B13959B9CB}.Shipping|Win64.ActiveCfg = Development|Any CPU
		{1F60C35C-7F13-35E8-8F7E-F0B13959B9CB}.Shipping|Win64.Build.0 = Development|Any CPU
		{B72ADE17-13A6-3826-ACCC-9D9C29A6FFAA}.DebugGame Editor|Win64.ActiveCfg = Development|Any CPU
		{B72ADE17-13A6-3826-ACCC-9D9C29A6FFAA}.DebugGame Editor|Win64.Build.0 = Development|Any CPU
		{B72ADE17-13A6-3826-ACCC-9D9C29A6FFAA}.DebugGame|Win64.ActiveCfg = Development|Any CPU
		{B72ADE17-13A6-3826-ACCC-9D9C29A6FFAA}.DebugGame|Win64.Build.0 = Development|Any CPU
		{B72ADE17-13A6-3826-ACCC-9D9C29A6FFAA}.Development Editor|Win64.ActiveCfg = Development|Any CPU
		{B72ADE17-13A6-3826-ACCC-9D9C29A6FFAA}.Development Editor|Win64.Build.0 = Development|Any CPU
		{B72ADE17-13A6-3826-ACCC-9D9C29A6FFAA}.Development|Win64.ActiveCfg = Development|Any CPU
		{B72ADE17-13A6-3826-ACCC-9D9C29A6FFAA}.Development|Win64.Build.0 = Development|Any CPU
		{B72ADE17-13A6-3826-ACCC-9D9C29A6FFAA}.Shipping|Win64.ActiveCfg = Development|Any CPU
		{B72ADE17-13A6-3826-ACCC-9D9C29A6FFAA}.Shipping|Win64.Build.0 = Development|Any CPU
		{08369896-E51C-3ADF-9E69-FC02A1FDD86D}.DebugGame Editor|Win64.ActiveCfg = Development|Any CPU
		{08369896-E51C-3ADF-9E69-FC02A1FDD86D}.DebugGame Editor|Win64.Build.0 = Development|Any CPU
		{08369896-E51C-3ADF-9E69-FC02A1FDD86D}.DebugGame|Win64.ActiveCfg = Development|Any CPU
		{08369896-E51C-3ADF-9E69-FC02A1FDD86D}.DebugGame|Win64.Build.0 = Development|Any CPU
		{08369896-E51C-3ADF-9E69-FC02A1FDD86D}.Development Editor|Win64.ActiveCfg = Development|Any CPU
		{08369896-E51C-3ADF-9E69-FC02A1FDD86D}.Development Editor|Win64.Build.0 = Development|Any CPU
		{08369896-E51C-3ADF-9E69-FC02A1FDD86D}.Development|Win64.ActiveCfg = Development|Any CPU
		{08369896-E51C-3ADF-9E69-FC02A1FDD86D}.Development|Win64.Build.0 = Development|Any CPU
		{08369896-E51C-3ADF-9E69-FC02A1FDD86D}.Shipping|Win64.ActiveCfg = Development|Any CPU
		{08369896-E51C-3ADF-9E69-FC02A1FDD86D}.Shipping|Win64.Build.0 = Development|Any CPU
		{11311392-C1BF-3505-AA43-2D133A4E6EE6}.DebugGame Editor|Win64.ActiveCfg = Development|Any CPU
		{11311392-C1BF-3505-AA43-2D133A4E6EE6}.DebugGame Editor|Win64.Build.0 = Development|Any CPU
		{11311392-C1BF-3505-AA43-2D133A4E6EE6}.DebugGame|Win64.ActiveCfg = Development|Any CPU
		{11311392-C1BF-3505-AA43-2D133A4E6EE6}.DebugGame|Win64.Build.0 = Development|Any CPU
		{11311392-C1BF-3505-AA43-2D133A4E6EE6}.Development Editor|Win64.ActiveCfg = Development|Any CPU
		{11311392-C1BF-3505-AA43-2D133A4E6EE6}.Development Editor|Win64.Build.0 = Development|Any CPU
		{11311392-C1BF-3505-AA43-2D133A4E6EE6}.Development|Win64.ActiveCfg = Development|Any CPU
		{11311392-C1BF-3505-AA43-2D133A4E6EE6}.Development|Win64.Build.0 = Development|Any CPU
		{11311392-C1BF-3505-AA43-2D133A4E6EE6}.Shipping|Win64.ActiveCfg = Development|Any CPU
		{11311392-C1BF-3505-AA43-2D133A4E6EE6}.Shipping|Win64.Build.0 = Development|Any CPU
		{CA22C2C6-7A0D-3CB9-99A9-AFFD170E67EA}.DebugGame Editor|Win64.ActiveCfg = Development|Any CPU
		{CA22C2C6-7A0D-3CB9-99A9-AFFD170E67EA}.DebugGame Editor|Win64.Build.0 = Development|Any CPU
		{CA22C2C6-7A0D-3CB9-99A9-AFFD170E67EA}.DebugGame|Win64.ActiveCfg = Development|Any CPU
		{CA22C2C6-7A0D-3CB9-99A9-AFFD170E67EA}.DebugGame|Win64.Build.0 = Development|Any CPU
		{CA22C2C6-7A0D-3CB9-99A9-AFFD170E67EA}.Development Editor|Win64.ActiveCfg = Development|Any CPU
		{CA22C2C6-7A0D-3CB9-99A9-AFFD170E67EA}.Development Editor|Win64.Build.0 = Development|Any CPU
		{CA22C2C6-7A0D-3CB9-99A9-AFFD170E67EA}.Development|Win64.ActiveCfg = Development|Any CPU
		{CA22C2C6-7A0D-3CB9-99A9-AFFD170E67EA}.Development|Win64.Build.0 = Development|Any CPU
		{CA22C2C6-7A0D-3CB9-99A9-AFFD170E67EA}.Shipping|Win64.ActiveCfg = Development|Any CPU
		{CA22C2C6-7A0D-3CB9-99A9-AFFD170E67EA}.Shipping|Win64.Build.0 = Development|Any CPU
		{87D32A36-8268-39C5-A597-B93C5E73C57D}.DebugGame Editor|Win64.ActiveCfg = Development|Any CPU
		{87D32A36-8268-39C5-A597-B93C5E73C57D}.DebugGame Editor|Win64.Build.0 = Development|Any CPU
		{87D32A36-8268-39C5-A597-B93C5E73C57D}.DebugGame|Win64.ActiveCfg = Development|Any CPU
		{87D32A36-8268-39C5-A597-B93C5E73C57D}.DebugGame|Win64.Build.0 = Development|Any CPU
		{87D32A36-8268-39C5-A597-B93C5E73C57D}.Development Editor|Win64.ActiveCfg = Development|Any CPU
		{87D32A36-8268-39C5-A597-B93C5E73C57D}.Development Editor|Win64.Build.0 = Development|Any CPU
		{87D32A36-8268-39C5-A597-B93C5E73C57D}.Development|Win64.ActiveCfg = Development|Any CPU
		{87D32A36-8268-39C5-A597-B93C5E73C57D}.Development|Win64.Build.0 = Development|Any CPU
		{87D32A36-8268-39C5-A597-B93C5E73C57D}.Shipping|Win64.ActiveCfg = Development|Any CPU
		{87D32A36-8268-39C5-A597-B93C5E73C57D}.Shipping|Win64.Build.0 = Development|Any CPU
		{BD9F0A4D-7820-3DA5-BD85-A8120CFB5C9C}.DebugGame Editor|Win64.ActiveCfg = Development|Any CPU
		{BD9F0A4D-7820-3DA5-BD85-A8120CFB5C9C}.DebugGame Editor|Win64.Build.0 = Development|Any CPU
		{BD9F0A4D-7820-3DA5-BD85-A8120CFB5C9C}.DebugGame|Win64.ActiveCfg = Development|Any CPU
		{BD9F0A4D-7820-3DA5-BD85-A8120CFB5C9C}.DebugGame|Win64.Build.0 = Development|Any CPU
		{BD9F0A4D-7820-3DA5-BD85-A8120CFB5C9C}.Development Editor|Win64.ActiveCfg = Development|Any CPU
		{BD9F0A4D-7820-3DA5-BD85-A8120CFB5C9C}.Development Editor|Win64.Build.0 = Development|Any CPU
		{BD9F0A4D-7820-3DA5-BD85-A8120CFB5C9C}.Development|Win64.ActiveCfg = Development|Any CPU
		{BD9F0A4D-7820-3DA5-BD85-A8120CFB5C9C}.Development|Win64.Build.0 = Development|Any CPU
		{BD9F0A4D-7820-3DA5-BD85-A8120CFB5C9C}.Shipping|Win64.ActiveCfg = Development|Any CPU
		{BD9F0A4D-7820-3DA5-BD85-A8120CFB5C9C}.Shipping|Win64.Build.0 = Development|Any CPU
		{F0B04569-17C5-3782-9D57-77EB59982CCD}.DebugGame Editor|Win64.ActiveCfg = Development|Any CPU
		{F0B04569-17C5-3782-9D57-77EB59982CCD}.DebugGame Editor|Win64.Build.0 = Development|Any CPU
		{F0B04569-17C5-3782-9D57-77EB59982CCD}.DebugGame|Win64.ActiveCfg = Development|Any CPU
		{F0B04569-17C5-3782-9D57-77EB59982CCD}.DebugGame|Win64.Build.0 = Development|Any CPU
		{F0B04569-17C5-3782-9D57-77EB59982CCD}.Development Editor|Win64.ActiveCfg = Development|Any CPU
		{F0B04569-17C5-3782-9D57-77EB59982CCD}.Development Editor|Win64.Build.0 = Development|Any CPU
		{F0B04569-17C5-3782-9D57-77EB59982CCD}.Development|Win64.ActiveCfg = Development|Any CPU
		{F0B04569-17C5-3782-9D57-77EB59982CCD}.Development|Win64.Build.0 = Development|Any CPU
		{F0B04569-17C5-3782-9D57-77EB59982CCD}.Shipping|Win64.ActiveCfg = Development|Any CPU
		{F0B04569-17C5-3782-9D57-77EB59982CCD}.Shipping|Win64.Build.0 = Development|Any CPU
		{7066ACF7-F24A-36F4-9947-AFFA4E358B5E}.DebugGame Editor|Win64.ActiveCfg = Development|Any CPU
		{7066ACF7-F24A-36F4-9947-AFFA4E358B5E}.DebugGame Editor|Win64.Build.0 = Development|Any CPU
		{7066ACF7-F24A-36F4-9947-AFFA4E358B5E}.DebugGame|Win64.ActiveCfg = Development|Any CPU
		{7066ACF7-F24A-36F4-9947-AFFA4E358B5E}.DebugGame|Win64.Build.0 = Development|Any CPU
		{7066ACF7-F24A-36F4-9947-AFFA4E358B5E}.Development Editor|Win64.ActiveCfg = Development|Any CPU
		{7066ACF7-F24A-36F4-9947-AFFA4E358B5E}.Development Editor|Win64.Build.0 = Development|Any CPU
		{7066ACF7-F24A-36F4-9947-AFFA4E358B5E}.Development|Win64.ActiveCfg = Development|Any CPU
		{7066ACF7-F24A-36F4-9947-AFFA4E358B5E}.Development|Win64.Build.0 = Development|Any CPU
		{7066ACF7-F24A-36F4-9947-AFFA4E358B5E}.Shipping|Win64.ActiveCfg = Development|Any CPU
		{7066ACF7-F24A-36F4-9947-AFFA4E358B5E}.Shipping|Win64.Build.0 = Development|Any CPU
		{E20D1A09-B735-3202-9B84-EA97CE70AF37}.DebugGame Editor|Win64.ActiveCfg = Development|Any CPU
		{E20D1A09-B735-3202-9B84-EA97CE70AF37}.DebugGame Editor|Win64.Build.0 = Development|Any CPU
		{E20D1A09-B735-3202-9B84-EA97CE70AF37}.DebugGame|Win64.ActiveCfg = Development|Any CPU
		{E20D1A09-B735-3202-9B84-EA97CE70AF37}.DebugGame|Win64.Build.0 = Development|Any CPU
		{E20D1A09-B735-3202-9B84-EA97CE70AF37}.Development Editor|Win64.ActiveCfg = Development|Any CPU
		{E20D1A09-B735-3202-9B84-EA97CE70AF37}.Development Editor|Win64.Build.0 = Development|Any CPU
		{E20D1A09-B735-3202-9B84-EA97CE70AF37}.Development|Win64.ActiveCfg = Development|Any CPU
		{E20D1A09-B735-3202-9B84-EA97CE70AF37}.Development|Win64.Build.0 = Development|Any CPU
		{E20D1A09-B735-3202-9B84-EA97CE70AF37}.Shipping|Win64.ActiveCfg = Development|Any CPU
		{E20D1A09-B735-3202-9B84-EA97CE70AF37}.Shipping|Win64.Build.0 = Development|Any CPU
		{2A3D21E6-E705-38C7-B908-9B00C2BE112C}.DebugGame Editor|Win64.ActiveCfg = Development|Any CPU
		{2A3D21E6-E705-38C7-B908-9B00C2BE112C}.DebugGame Editor|Win64.Build.0 = Development|Any CPU
		{2A3D21E6-E705-38C7-B908-9B00C2BE112C}.DebugGame|Win64.ActiveCfg = Development|Any CPU
		{2A3D21E6-E705-38C7-B908-9B00C2BE112C}.DebugGame|Win64.Build.0 = Development|Any CPU
		{2A3D21E6-E705-38C7-B908-9B00C2BE112C}.Development Editor|Win64.ActiveCfg = Development|Any CPU
		{2A3D21E6-E705-38C7-B908-9B00C2BE112C}.Development Editor|Win64.Build.0 = Development|Any CPU
		{2A3D21E6-E705-38C7-B908-9B00C2BE112C}.Development|Win64.ActiveCfg = Development|Any CPU
		{2A3D21E6-E705-38C7-B908-9B00C2BE112C}.Development|Win64.Build.0 = Development|Any CPU
		{2A3D21E6-E705-38C7-B908-9B00C2BE112C}.Shipping|Win64.ActiveCfg = Development|Any CPU
		{2A3D21E6-E705-38C7-B908-9B00C2BE112C}.Shipping|Win64.Build.0 = Development|Any CPU
		{B3FB643C-D5AF-384A-914A-AAAFFE11855B}.DebugGame Editor|Win64.ActiveCfg = Development|Any CPU
		{B3FB643C-D5AF-384A-914A-AAAFFE11855B}.DebugGame Editor|Win64.Build.0 = Development|Any CPU
		{B3FB643C-D5AF-384A-914A-AAAFFE11855B}.DebugGame|Win64.ActiveCfg = Development|Any CPU
		{B3FB643C-D5AF-384A-914A-AAAFFE11855B}.DebugGame|Win64.Build.0 = Development|Any CPU
		{B3FB643C-D5AF-384A-914A-AAAFFE11855B}.Development Editor|Win64.ActiveCfg = Development|Any CPU
		{B3FB643C-D5AF-384A-914A-AAAFFE11855B}.Development Editor|Win64.Build.0 = Development|Any CPU
		{B3FB643C-D5AF-384A-914A-AAAFFE11855B}.Development|Win64.ActiveCfg = Development|Any CPU
		{B3FB643C-D5AF-384A-914A-AAAFFE11855B}.Development|Win64.Build.0 = Development|Any CPU
		{B3FB643C-D5AF-384A-914A-AAAFFE11855B}.Shipping|Win64.ActiveCfg = Development|Any CPU
		{B3FB643C-D5AF-384A-914A-AAAFFE11855B}.Shipping|Win64.Build.0 = Development|Any CPU
		{FB483518-D3E5-3887-B35E-FE2F6853AD81}.DebugGame Editor|Win64.ActiveCfg = Development|Any CPU
		{FB483518-D3E5-3887-B35E-FE2F6853AD81}.DebugGame Editor|Win64.Build.0 = Development|Any CPU
		{FB483518-D3E5-3887-B35E-FE2F6853AD81}.DebugGame|Win64.ActiveCfg = Development|Any CPU
		{FB483518-D3E5-3887-B35E-FE2F6853AD81}.DebugGame|Win64.Build.0 = Development|Any CPU
		{FB483518-D3E5-3887-B35E-FE2F6853AD81}.Development Editor|Win64.ActiveCfg = Development|Any CPU
		{FB483518-D3E5-3887-B35E-FE2F6853AD81}.Development Editor|Win64.Build.0 = Development|Any CPU
		{FB483518-D3E5-3887-B35E-FE2F6853AD81}.Development|Win64.ActiveCfg = Development|Any CPU
		{FB483518-D3E5-3887-B35E-FE2F6853AD81}.Development|Win64.Build.0 = Development|Any CPU
		{FB483518-D3E5-3887-B35E-FE2F6853AD81}.Shipping|Win64.ActiveCfg = Development|Any CPU
		{FB483518-D3E5-3887-B35E-FE2F6853AD81}.Shipping|Win64.Build.0 = Development|Any CPU
		{C20DCCD8-A1CC-3C08-93CB-4924D134DAC2}.DebugGame Editor|Win64.ActiveCfg = Development|Any CPU
		{C20DCCD8-A1CC-3C08-93CB-4924D134DAC2}.DebugGame Editor|Win64.Build.0 = Development|Any CPU
		{C20DCCD8-A1CC-3C08-93CB-4924D134DAC2}.DebugGame|Win64.ActiveCfg = Development|Any CPU
		{C20DCCD8-A1CC-3C08-93CB-4924D134DAC2}.DebugGame|Win64.Build.0 = Development|Any CPU
		{C20DCCD8-A1CC-3C08-93CB-4924D134DAC2}.Development Editor|Win64.ActiveCfg = Development|Any CPU
		{C20DCCD8-A1CC-3C08-93CB-4924D134DAC2}.Development Editor|Win64.Build.0 = Development|Any CPU
		{C20DCCD8-A1CC-3C08-93CB-4924D134DAC2}.Development|Win64.ActiveCfg = Development|Any CPU
		{C20DCCD8-A1CC-3C08-93CB-4924D134DAC2}.Development|Win64.Build.0 = Development|Any CPU
		{C20DCCD8-A1CC-3C08-93CB-4924D134DAC2}.Shipping|Win64.ActiveCfg = Development|Any CPU
		{C20DCCD8-A1CC-3C08-93CB-4924D134DAC2}.Shipping|Win64.Build.0 = Development|Any CPU
		{99463227-1284-35E3-9141-C68AFEED1671}.DebugGame Editor|Win64.ActiveCfg = Development|Any CPU
		{99463227-1284-35E3-9141-C68AFEED1671}.DebugGame Editor|Win64.Build.0 = Development|Any CPU
		{99463227-1284-35E3-9141-C68AFEED1671}.DebugGame|Win64.ActiveCfg = Development|Any CPU
		{99463227-1284-35E3-9141-C68AFEED1671}.DebugGame|Win64.Build.0 = Development|Any CPU
		{99463227-1284-35E3-9141-C68AFEED1671}.Development Editor|Win64.ActiveCfg = Development|Any CPU
		{99463227-1284-35E3-9141-C68AFEED1671}.Development Editor|Win64.Build.0 = Development|Any CPU
		{99463227-1284-35E3-9141-C68AFEED1671}.Development|Win64.ActiveCfg = Development|Any CPU
		{99463227-1284-35E3-9141-C68AFEED1671}.Development|Win64.Build.0 = Development|Any CPU
		{99463227-1284-35E3-9141-C68AFEED1671}.Shipping|Win64.ActiveCfg = Development|Any CPU
		{99463227-1284-35E3-9141-C68AFEED1671}.Shipping|Win64.Build.0 = Development|Any CPU
		{435F1398-EE19-3B85-BCB0-C165A2028128}.DebugGame Editor|Win64.ActiveCfg = Development|Any CPU
		{435F1398-EE19-3B85-BCB0-C165A2028128}.DebugGame Editor|Win64.Build.0 = Development|Any CPU
		{435F1398-EE19-3B85-BCB0-C165A2028128}.DebugGame|Win64.ActiveCfg = Development|Any CPU
		{435F1398-EE19-3B85-BCB0-C165A2028128}.DebugGame|Win64.Build.0 = Development|Any CPU
		{435F1398-EE19-3B85-BCB0-C165A2028128}.Development Editor|Win64.ActiveCfg = Development|Any CPU
		{435F1398-EE19-3B85-BCB0-C165A2028128}.Development Editor|Win64.Build.0 = Development|Any CPU
		{435F1398-EE19-3B85-BCB0-C165A2028128}.Development|Win64.ActiveCfg = Development|Any CPU
		{435F1398-EE19-3B85-BCB0-C165A2028128}.Development|Win64.Build.0 = Development|Any CPU
		{435F1398-EE19-3B85-BCB0-C165A2028128}.Shipping|Win64.ActiveCfg = Development|Any CPU
		{435F1398-EE19-3B85-BCB0-C165A2028128}.Shipping|Win64.Build.0 = Development|Any CPU
		{8C31AB51-84A6-35E9-8D5F-92B579E25F54}.DebugGame Editor|Win64.ActiveCfg = Development|Any CPU
		{8C31AB51-84A6-35E9-8D5F-92B579E25F54}.DebugGame Editor|Win64.Build.0 = Development|Any CPU
		{8C31AB51-84A6-35E9-8D5F-92B579E25F54}.DebugGame|Win64.ActiveCfg = Development|Any CPU
		{8C31AB51-84A6-35E9-8D5F-92B579E25F54}.DebugGame|Win64.Build.0 = Development|Any CPU
		{8C31AB51-84A6-35E9-8D5F-92B579E25F54}.Development Editor|Win64.ActiveCfg = Development|Any CPU
		{8C31AB51-84A6-35E9-8D5F-92B579E25F54}.Development Editor|Win64.Build.0 = Development|Any CPU
		{8C31AB51-84A6-35E9-8D5F-92B579E25F54}.Development|Win64.ActiveCfg = Development|Any CPU
		{8C31AB51-84A6-35E9-8D5F-92B579E25F54}.Development|Win64.Build.0 = Development|Any CPU
		{8C31AB51-84A6-35E9-8D5F-92B579E25F54}.Shipping|Win64.ActiveCfg = Development|Any CPU
		{8C31AB51-84A6-35E9-8D5F-92B579E25F54}.Shipping|Win64.Build.0 = Development|Any CPU
		{4C984D06-A2F7-3232-8A38-7CC92D2B286E}.DebugGame Editor|Win64.ActiveCfg = Development|Any CPU
		{4C984D06-A2F7-3232-8A38-7CC92D2B286E}.DebugGame Editor|Win64.Build.0 = Development|Any CPU
		{4C984D06-A2F7-3232-8A38-7CC92D2B286E}.DebugGame|Win64.ActiveCfg = Development|Any CPU
		{4C984D06-A2F7-3232-8A38-7CC92D2B286E}.DebugGame|Win64.Build.0 = Development|Any CPU
		{4C984D06-A2F7-3232-8A38-7CC92D2B286E}.Development Editor|Win64.ActiveCfg = Development|Any CPU
		{4C984D06-A2F7-3232-8A38-7CC92D2B286E}.Development Editor|Win64.Build.0 = Development|Any CPU
		{4C984D06-A2F7-3232-8A38-7CC92D2B286E}.Development|Win64.ActiveCfg = Development|Any CPU
		{4C984D06-A2F7-3232-8A38-7CC92D2B286E}.Development|Win64.Build.0 = Development|Any CPU
		{4C984D06-A2F7-3232-8A38-7CC92D2B286E}.Shipping|Win64.ActiveCfg = Development|Any CPU
		{4C984D06-A2F7-3232-8A38-7CC92D2B286E}.Shipping|Win64.Build.0 = Development|Any CPU
		{69A25F92-5669-39D5-BFE2-C37FAC9100B8}.DebugGame Editor|Win64.ActiveCfg = Release|Any CPU
		{69A25F92-5669-39D5-BFE2-C37FAC9100B8}.DebugGame Editor|Win64.Build.0 = Release|Any CPU
		{69A25F92-5669-39D5-BFE2-C37FAC9100B8}.DebugGame|Win64.ActiveCfg = Release|Any CPU
		{69A25F92-5669-39D5-BFE2-C37FAC9100B8}.DebugGame|Win64.Build.0 = Release|Any CPU
		{69A25F92-5669-39D5-BFE2-C37FAC9100B8}.Development Editor|Win64.ActiveCfg = Release|Any CPU
		{69A25F92-5669-39D5-BFE2-C37FAC9100B8}.Development Editor|Win64.Build.0 = Release|Any CPU
		{69A25F92-5669-39D5-BFE2-C37FAC9100B8}.Development|Win64.ActiveCfg = Release|Any CPU
		{69A25F92-5669-39D5-BFE2-C37FAC9100B8}.Development|Win64.Build.0 = Release|Any CPU
		{69A25F92-5669-39D5-BFE2-C37FAC9100B8}.Shipping|Win64.ActiveCfg = Release|Any CPU
		{69A25F92-5669-39D5-BFE2-C37FAC9100B8}.Shipping|Win64.Build.0 = Release|Any CPU
		{5BF780DE-C14D-391F-85EE-018D562E88FC}.DebugGame Editor|Win64.ActiveCfg = Development|Any CPU
		{5BF780DE-C14D-391F-85EE-018D562E88FC}.DebugGame Editor|Win64.Build.0 = Development|Any CPU
		{5BF780DE-C14D-391F-85EE-018D562E88FC}.DebugGame|Win64.ActiveCfg = Development|Any CPU
		{5BF780DE-C14D-391F-85EE-018D562E88FC}.DebugGame|Win64.Build.0 = Development|Any CPU
		{5BF780DE-C14D-391F-85EE-018D562E88FC}.Development Editor|Win64.ActiveCfg = Development|Any CPU
		{5BF780DE-C14D-391F-85EE-018D562E88FC}.Development Editor|Win64.Build.0 = Development|Any CPU
		{5BF780DE-C14D-391F-85EE-018D562E88FC}.Development|Win64.ActiveCfg = Development|Any CPU
		{5BF780DE-C14D-391F-85EE-018D562E88FC}.Development|Win64.Build.0 = Development|Any CPU
		{5BF780DE-C14D-391F-85EE-018D562E88FC}.Shipping|Win64.ActiveCfg = Development|Any CPU
		{5BF780DE-C14D-391F-85EE-018D562E88FC}.Shipping|Win64.Build.0 = Development|Any CPU
		{FEDB6A68-F641-373C-8D9C-867C59938A3B}.DebugGame Editor|Win64.ActiveCfg = Development|Any CPU
		{FEDB6A68-F641-373C-8D9C-867C59938A3B}.DebugGame Editor|Win64.Build.0 = Development|Any CPU
		{FEDB6A68-F641-373C-8D9C-867C59938A3B}.DebugGame|Win64.ActiveCfg = Development|Any CPU
		{FEDB6A68-F641-373C-8D9C-867C59938A3B}.DebugGame|Win64.Build.0 = Development|Any CPU
		{FEDB6A68-F641-373C-8D9C-867C59938A3B}.Development Editor|Win64.ActiveCfg = Development|Any CPU
		{FEDB6A68-F641-373C-8D9C-867C59938A3B}.Development Editor|Win64.Build.0 = Development|Any CPU
		{FEDB6A68-F641-373C-8D9C-867C59938A3B}.Development|Win64.ActiveCfg = Development|Any CPU
		{FEDB6A68-F641-373C-8D9C-867C59938A3B}.Development|Win64.Build.0 = Development|Any CPU
		{FEDB6A68-F641-373C-8D9C-867C59938A3B}.Shipping|Win64.ActiveCfg = Development|Any CPU
		{FEDB6A68-F641-373C-8D9C-867C59938A3B}.Shipping|Win64.Build.0 = Development|Any CPU
		{2C061236-B2F5-399A-8790-E6DB8C43CDC4}.DebugGame Editor|Win64.ActiveCfg = Development|Any CPU
		{2C061236-B2F5-399A-8790-E6DB8C43CDC4}.DebugGame Editor|Win64.Build.0 = Development|Any CPU
		{2C061236-B2F5-399A-8790-E6DB8C43CDC4}.DebugGame|Win64.ActiveCfg = Development|Any CPU
		{2C061236-B2F5-399A-8790-E6DB8C43CDC4}.DebugGame|Win64.Build.0 = Development|Any CPU
		{2C061236-B2F5-399A-8790-E6DB8C43CDC4}.Development Editor|Win64.ActiveCfg = Development|Any CPU
		{2C061236-B2F5-399A-8790-E6DB8C43CDC4}.Development Editor|Win64.Build.0 = Development|Any CPU
		{2C061236-B2F5-399A-8790-E6DB8C43CDC4}.Development|Win64.ActiveCfg = Development|Any CPU
		{2C061236-B2F5-399A-8790-E6DB8C43CDC4}.Development|Win64.Build.0 = Development|Any CPU
		{2C061236-B2F5-399A-8790-E6DB8C43CDC4}.Shipping|Win64.ActiveCfg = Development|Any CPU
		{2C061236-B2F5-399A-8790-E6DB8C43CDC4}.Shipping|Win64.Build.0 = Development|Any CPU
		{72B881F5-AD72-3AA9-B305-41EDD31FD550}.DebugGame Editor|Win64.ActiveCfg = Development|Any CPU
		{72B881F5-AD72-3AA9-B305-41EDD31FD550}.DebugGame Editor|Win64.Build.0 = Development|Any CPU
		{72B881F5-AD72-3AA9-B305-41EDD31FD550}.DebugGame|Win64.ActiveCfg = Development|Any CPU
		{72B881F5-AD72-3AA9-B305-41EDD31FD550}.DebugGame|Win64.Build.0 = Development|Any CPU
		{72B881F5-AD72-3AA9-B305-41EDD31FD550}.Development Editor|Win64.ActiveCfg = Development|Any CPU
		{72B881F5-AD72-3AA9-B305-41EDD31FD550}.Development Editor|Win64.Build.0 = Development|Any CPU
		{72B881F5-AD72-3AA9-B305-41EDD31FD550}.Development|Win64.ActiveCfg = Development|Any CPU
		{72B881F5-AD72-3AA9-B305-41EDD31FD550}.Development|Win64.Build.0 = Development|Any CPU
		{72B881F5-AD72-3AA9-B305-41EDD31FD550}.Shipping|Win64.ActiveCfg = Development|Any CPU
		{72B881F5-AD72-3AA9-B305-41EDD31FD550}.Shipping|Win64.Build.0 = Development|Any CPU
		{41CF8B54-3293-3E59-BC3D-237586A4BBDB}.DebugGame Editor|Win64.ActiveCfg = Development|Any CPU
		{41CF8B54-3293-3E59-BC3D-237586A4BBDB}.DebugGame Editor|Win64.Build.0 = Development|Any CPU
		{41CF8B54-3293-3E59-BC3D-237586A4BBDB}.DebugGame|Win64.ActiveCfg = Development|Any CPU
		{41CF8B54-3293-3E59-BC3D-237586A4BBDB}.DebugGame|Win64.Build.0 = Development|Any CPU
		{41CF8B54-3293-3E59-BC3D-237586A4BBDB}.Development Editor|Win64.ActiveCfg = Development|Any CPU
		{41CF8B54-3293-3E59-BC3D-237586A4BBDB}.Development Editor|Win64.Build.0 = Development|Any CPU
		{41CF8B54-3293-3E59-BC3D-237586A4BBDB}.Development|Win64.ActiveCfg = Development|Any CPU
		{41CF8B54-3293-3E59-BC3D-237586A4BBDB}.Development|Win64.Build.0 = Development|Any CPU
		{41CF8B54-3293-3E59-BC3D-237586A4BBDB}.Shipping|Win64.ActiveCfg = Development|Any CPU
		{41CF8B54-3293-3E59-BC3D-237586A4BBDB}.Shipping|Win64.Build.0 = Development|Any CPU
		{6CDE87D7-4FC6-339C-AD13-EA0659C1A77A}.DebugGame Editor|Win64.ActiveCfg = Development|Any CPU
		{6CDE87D7-4FC6-339C-AD13-EA0659C1A77A}.DebugGame Editor|Win64.Build.0 = Development|Any CPU
		{6CDE87D7-4FC6-339C-AD13-EA0659C1A77A}.DebugGame|Win64.ActiveCfg = Development|Any CPU
		{6CDE87D7-4FC6-339C-AD13-EA0659C1A77A}.DebugGame|Win64.Build.0 = Development|Any CPU
		{6CDE87D7-4FC6-339C-AD13-EA0659C1A77A}.Development Editor|Win64.ActiveCfg = Development|Any CPU
		{6CDE87D7-4FC6-339C-AD13-EA0659C1A77A}.Development Editor|Win64.Build.0 = Development|Any CPU
		{6CDE87D7-4FC6-339C-AD13-EA0659C1A77A}.Development|Win64.ActiveCfg = Development|Any CPU
		{6CDE87D7-4FC6-339C-AD13-EA0659C1A77A}.Development|Win64.Build.0 = Development|Any CPU
		{6CDE87D7-4FC6-339C-AD13-EA0659C1A77A}.Shipping|Win64.ActiveCfg = Development|Any CPU
		{6CDE87D7-4FC6-339C-AD13-EA0659C1A77A}.Shipping|Win64.Build.0 = Development|Any CPU
		{7D7D803E-1EF8-3B92-8BF2-753466229E81}.DebugGame Editor|Win64.ActiveCfg = Development|Any CPU
		{7D7D803E-1EF8-3B92-8BF2-753466229E81}.DebugGame Editor|Win64.Build.0 = Development|Any CPU
		{7D7D803E-1EF8-3B92-8BF2-753466229E81}.DebugGame|Win64.ActiveCfg = Development|Any CPU
		{7D7D803E-1EF8-3B92-8BF2-753466229E81}.DebugGame|Win64.Build.0 = Development|Any CPU
		{7D7D803E-1EF8-3B92-8BF2-753466229E81}.Development Editor|Win64.ActiveCfg = Development|Any CPU
		{7D7D803E-1EF8-3B92-8BF2-753466229E81}.Development Editor|Win64.Build.0 = Development|Any CPU
		{7D7D803E-1EF8-3B92-8BF2-753466229E81}.Development|Win64.ActiveCfg = Development|Any CPU
		{7D7D803E-1EF8-3B92-8BF2-753466229E81}.Development|Win64.Build.0 = Development|Any CPU
		{7D7D803E-1EF8-3B92-8BF2-753466229E81}.Shipping|Win64.ActiveCfg = Development|Any CPU
		{7D7D803E-1EF8-3B92-8BF2-753466229E81}.Shipping|Win64.Build.0 = Development|Any CPU
		{4183AB32-2173-30DF-AD21-8C1E236341F6}.DebugGame Editor|Win64.ActiveCfg = Development|Any CPU
		{4183AB32-2173-30DF-AD21-8C1E236341F6}.DebugGame Editor|Win64.Build.0 = Development|Any CPU
		{4183AB32-2173-30DF-AD21-8C1E236341F6}.DebugGame|Win64.ActiveCfg = Development|Any CPU
		{4183AB32-2173-30DF-AD21-8C1E236341F6}.DebugGame|Win64.Build.0 = Development|Any CPU
		{4183AB32-2173-30DF-AD21-8C1E236341F6}.Development Editor|Win64.ActiveCfg = Development|Any CPU
		{4183AB32-2173-30DF-AD21-8C1E236341F6}.Development Editor|Win64.Build.0 = Development|Any CPU
		{4183AB32-2173-30DF-AD21-8C1E236341F6}.Development|Win64.ActiveCfg = Development|Any CPU
		{4183AB32-2173-30DF-AD21-8C1E236341F6}.Development|Win64.Build.0 = Development|Any CPU
		{4183AB32-2173-30DF-AD21-8C1E236341F6}.Shipping|Win64.ActiveCfg = Development|Any CPU
		{4183AB32-2173-30DF-AD21-8C1E236341F6}.Shipping|Win64.Build.0 = Development|Any CPU
		{36BD2B1B-A873-3182-A9FE-35446DFD0DB3}.DebugGame Editor|Win64.ActiveCfg = Development|Any CPU
		{36BD2B1B-A873-3182-A9FE-35446DFD0DB3}.DebugGame Editor|Win64.Build.0 = Development|Any CPU
		{36BD2B1B-A873-3182-A9FE-35446DFD0DB3}.DebugGame|Win64.ActiveCfg = Development|Any CPU
		{36BD2B1B-A873-3182-A9FE-35446DFD0DB3}.DebugGame|Win64.Build.0 = Development|Any CPU
		{36BD2B1B-A873-3182-A9FE-35446DFD0DB3}.Development Editor|Win64.ActiveCfg = Development|Any CPU
		{36BD2B1B-A873-3182-A9FE-35446DFD0DB3}.Development Editor|Win64.Build.0 = Development|Any CPU
		{36BD2B1B-A873-3182-A9FE-35446DFD0DB3}.Development|Win64.ActiveCfg = Development|Any CPU
		{36BD2B1B-A873-3182-A9FE-35446DFD0DB3}.Development|Win64.Build.0 = Development|Any CPU
		{36BD2B1B-A873-3182-A9FE-35446DFD0DB3}.Shipping|Win64.ActiveCfg = Development|Any CPU
		{36BD2B1B-A873-3182-A9FE-35446DFD0DB3}.Shipping|Win64.Build.0 = Development|Any CPU
		{2E0B2C2C-53F1-3639-96FB-69EE3518107E}.DebugGame Editor|Win64.ActiveCfg = Release|Any CPU
		{2E0B2C2C-53F1-3639-96FB-69EE3518107E}.DebugGame Editor|Win64.Build.0 = Release|Any CPU
		{2E0B2C2C-53F1-3639-96FB-69EE3518107E}.DebugGame|Win64.ActiveCfg = Release|Any CPU
		{2E0B2C2C-53F1-3639-96FB-69EE3518107E}.DebugGame|Win64.Build.0 = Release|Any CPU
		{2E0B2C2C-53F1-3639-96FB-69EE3518107E}.Development Editor|Win64.ActiveCfg = Release|Any CPU
		{2E0B2C2C-53F1-3639-96FB-69EE3518107E}.Development Editor|Win64.Build.0 = Release|Any CPU
		{2E0B2C2C-53F1-3639-96FB-69EE3518107E}.Development|Win64.ActiveCfg = Release|Any CPU
		{2E0B2C2C-53F1-3639-96FB-69EE3518107E}.Development|Win64.Build.0 = Release|Any CPU
		{2E0B2C2C-53F1-3639-96FB-69EE3518107E}.Shipping|Win64.ActiveCfg = Release|Any CPU
		{2E0B2C2C-53F1-3639-96FB-69EE3518107E}.Shipping|Win64.Build.0 = Release|Any CPU
		{ABD342C8-153F-3CAC-8D26-620A8F3521D3}.DebugGame Editor|Win64.ActiveCfg = Development|Any CPU
		{ABD342C8-153F-3CAC-8D26-620A8F3521D3}.DebugGame Editor|Win64.Build.0 = Development|Any CPU
		{ABD342C8-153F-3CAC-8D26-620A8F3521D3}.DebugGame|Win64.ActiveCfg = Development|Any CPU
		{ABD342C8-153F-3CAC-8D26-620A8F3521D3}.DebugGame|Win64.Build.0 = Development|Any CPU
		{ABD342C8-153F-3CAC-8D26-620A8F3521D3}.Development Editor|Win64.ActiveCfg = Development|Any CPU
		{ABD342C8-153F-3CAC-8D26-620A8F3521D3}.Development Editor|Win64.Build.0 = Development|Any CPU
		{ABD342C8-153F-3CAC-8D26-620A8F3521D3}.Development|Win64.ActiveCfg = Development|Any CPU
		{ABD342C8-153F-3CAC-8D26-620A8F3521D3}.Development|Win64.Build.0 = Development|Any CPU
		{ABD342C8-153F-3CAC-8D26-620A8F3521D3}.Shipping|Win64.ActiveCfg = Development|Any CPU
		{ABD342C8-153F-3CAC-8D26-620A8F3521D3}.Shipping|Win64.Build.0 = Development|Any CPU
		{C8FC14A1-5138-39D0-915B-947A7037057A}.DebugGame Editor|Win64.ActiveCfg = Development|Any CPU
		{C8FC14A1-5138-39D0-915B-947A7037057A}.DebugGame Editor|Win64.Build.0 = Development|Any CPU
		{C8FC14A1-5138-39D0-915B-947A7037057A}.DebugGame|Win64.ActiveCfg = Development|Any CPU
		{C8FC14A1-5138-39D0-915B-947A7037057A}.DebugGame|Win64.Build.0 = Development|Any CPU
		{C8FC14A1-5138-39D0-915B-947A7037057A}.Development Editor|Win64.ActiveCfg = Development|Any CPU
		{C8FC14A1-5138-39D0-915B-947A7037057A}.Development Editor|Win64.Build.0 = Development|Any CPU
		{C8FC14A1-5138-39D0-915B-947A7037057A}.Development|Win64.ActiveCfg = Development|Any CPU
		{C8FC14A1-5138-39D0-915B-947A7037057A}.Development|Win64.Build.0 = Development|Any CPU
		{C8FC14A1-5138-39D0-915B-947A7037057A}.Shipping|Win64.ActiveCfg = Development|Any CPU
		{C8FC14A1-5138-39D0-915B-947A7037057A}.Shipping|Win64.Build.0 = Development|Any CPU
		{A0EBEF9A-C6D2-3DA6-A66F-CA2D2830F215}.DebugGame Editor|Win64.ActiveCfg = Release|Any CPU
		{A0EBEF9A-C6D2-3DA6-A66F-CA2D2830F215}.DebugGame Editor|Win64.Build.0 = Release|Any CPU
		{A0EBEF9A-C6D2-3DA6-A66F-CA2D2830F215}.DebugGame|Win64.ActiveCfg = Release|Any CPU
		{A0EBEF9A-C6D2-3DA6-A66F-CA2D2830F215}.DebugGame|Win64.Build.0 = Release|Any CPU
		{A0EBEF9A-C6D2-3DA6-A66F-CA2D2830F215}.Development Editor|Win64.ActiveCfg = Release|Any CPU
		{A0EBEF9A-C6D2-3DA6-A66F-CA2D2830F215}.Development Editor|Win64.Build.0 = Release|Any CPU
		{A0EBEF9A-C6D2-3DA6-A66F-CA2D2830F215}.Development|Win64.ActiveCfg = Release|Any CPU
		{A0EBEF9A-C6D2-3DA6-A66F-CA2D2830F215}.Development|Win64.Build.0 = Release|Any CPU
		{A0EBEF9A-C6D2-3DA6-A66F-CA2D2830F215}.Shipping|Win64.ActiveCfg = Release|Any CPU
		{A0EBEF9A-C6D2-3DA6-A66F-CA2D2830F215}.Shipping|Win64.Build.0 = Release|Any CPU
		{A5DE8264-AF01-38FD-94F6-3591F2A96844}.DebugGame Editor|Win64.ActiveCfg = Development|Any CPU
		{A5DE8264-AF01-38FD-94F6-3591F2A96844}.DebugGame Editor|Win64.Build.0 = Development|Any CPU
		{A5DE8264-AF01-38FD-94F6-3591F2A96844}.DebugGame|Win64.ActiveCfg = Development|Any CPU
		{A5DE8264-AF01-38FD-94F6-3591F2A96844}.DebugGame|Win64.Build.0 = Development|Any CPU
		{A5DE8264-AF01-38FD-94F6-3591F2A96844}.Development Editor|Win64.ActiveCfg = Development|Any CPU
		{A5DE8264-AF01-38FD-94F6-3591F2A96844}.Development Editor|Win64.Build.0 = Development|Any CPU
		{A5DE8264-AF01-38FD-94F6-3591F2A96844}.Development|Win64.ActiveCfg = Development|Any CPU
		{A5DE8264-AF01-38FD-94F6-3591F2A96844}.Development|Win64.Build.0 = Development|Any CPU
		{A5DE8264-AF01-38FD-94F6-3591F2A96844}.Shipping|Win64.ActiveCfg = Development|Any CPU
		{A5DE8264-AF01-38FD-94F6-3591F2A96844}.Shipping|Win64.Build.0 = Development|Any CPU
		{13D6CA37-9F29-31AC-BA39-58304B5D604F}.DebugGame Editor|Win64.ActiveCfg = Development|Any CPU
		{13D6CA37-9F29-31AC-BA39-58304B5D604F}.DebugGame Editor|Win64.Build.0 = Development|Any CPU
		{13D6CA37-9F29-31AC-BA39-58304B5D604F}.DebugGame|Win64.ActiveCfg = Development|Any CPU
		{13D6CA37-9F29-31AC-BA39-58304B5D604F}.DebugGame|Win64.Build.0 = Development|Any CPU
		{13D6CA37-9F29-31AC-BA39-58304B5D604F}.Development Editor|Win64.ActiveCfg = Development|Any CPU
		{13D6CA37-9F29-31AC-BA39-58304B5D604F}.Development Editor|Win64.Build.0 = Development|Any CPU
		{13D6CA37-9F29-31AC-BA39-58304B5D604F}.Development|Win64.ActiveCfg = Development|Any CPU
		{13D6CA37-9F29-31AC-BA39-58304B5D604F}.Development|Win64.Build.0 = Development|Any CPU
		{13D6CA37-9F29-31AC-BA39-58304B5D604F}.Shipping|Win64.ActiveCfg = Development|Any CPU
		{13D6CA37-9F29-31AC-BA39-58304B5D604F}.Shipping|Win64.Build.0 = Development|Any CPU
		{7E15E45E-DEB9-3D1A-B107-E0DBB5BD7D46}.DebugGame Editor|Win64.ActiveCfg = Release|Any CPU
		{7E15E45E-DEB9-3D1A-B107-E0DBB5BD7D46}.DebugGame Editor|Win64.Build.0 = Release|Any CPU
		{7E15E45E-DEB9-3D1A-B107-E0DBB5BD7D46}.DebugGame|Win64.ActiveCfg = Release|Any CPU
		{7E15E45E-DEB9-3D1A-B107-E0DBB5BD7D46}.DebugGame|Win64.Build.0 = Release|Any CPU
		{7E15E45E-DEB9-3D1A-B107-E0DBB5BD7D46}.Development Editor|Win64.ActiveCfg = Release|Any CPU
		{7E15E45E-DEB9-3D1A-B107-E0DBB5BD7D46}.Development Editor|Win64.Build.0 = Release|Any CPU
		{7E15E45E-DEB9-3D1A-B107-E0DBB5BD7D46}.Development|Win64.ActiveCfg = Release|Any CPU
		{7E15E45E-DEB9-3D1A-B107-E0DBB5BD7D46}.Development|Win64.Build.0 = Release|Any CPU
		{7E15E45E-DEB9-3D1A-B107-E0DBB5BD7D46}.Shipping|Win64.ActiveCfg = Release|Any CPU
		{7E15E45E-DEB9-3D1A-B107-E0DBB5BD7D46}.Shipping|Win64.Build.0 = Release|Any CPU
		{857619BC-24F4-3ACE-84EB-6CE3AC3D9067}.DebugGame Editor|Win64.ActiveCfg = Release|Any CPU
		{857619BC-24F4-3ACE-84EB-6CE3AC3D9067}.DebugGame Editor|Win64.Build.0 = Release|Any CPU
		{857619BC-24F4-3ACE-84EB-6CE3AC3D9067}.DebugGame|Win64.ActiveCfg = Release|Any CPU
		{857619BC-24F4-3ACE-84EB-6CE3AC3D9067}.DebugGame|Win64.Build.0 = Release|Any CPU
		{857619BC-24F4-3ACE-84EB-6CE3AC3D9067}.Development Editor|Win64.ActiveCfg = Release|Any CPU
		{857619BC-24F4-3ACE-84EB-6CE3AC3D9067}.Development Editor|Win64.Build.0 = Release|Any CPU
		{857619BC-24F4-3ACE-84EB-6CE3AC3D9067}.Development|Win64.ActiveCfg = Release|Any CPU
		{857619BC-24F4-3ACE-84EB-6CE3AC3D9067}.Development|Win64.Build.0 = Release|Any CPU
		{857619BC-24F4-3ACE-84EB-6CE3AC3D9067}.Shipping|Win64.ActiveCfg = Release|Any CPU
		{857619BC-24F4-3ACE-84EB-6CE3AC3D9067}.Shipping|Win64.Build.0 = Release|Any CPU
		{9C435FA5-B593-3DAE-AE54-027B6B009D67}.DebugGame Editor|Win64.ActiveCfg = Release|Any CPU
		{9C435FA5-B593-3DAE-AE54-027B6B009D67}.DebugGame Editor|Win64.Build.0 = Release|Any CPU
		{9C435FA5-B593-3DAE-AE54-027B6B009D67}.DebugGame|Win64.ActiveCfg = Release|Any CPU
		{9C435FA5-B593-3DAE-AE54-027B6B009D67}.DebugGame|Win64.Build.0 = Release|Any CPU
		{9C435FA5-B593-3DAE-AE54-027B6B009D67}.Development Editor|Win64.ActiveCfg = Release|Any CPU
		{9C435FA5-B593-3DAE-AE54-027B6B009D67}.Development Editor|Win64.Build.0 = Release|Any CPU
		{9C435FA5-B593-3DAE-AE54-027B6B009D67}.Development|Win64.ActiveCfg = Release|Any CPU
		{9C435FA5-B593-3DAE-AE54-027B6B009D67}.Development|Win64.Build.0 = Release|Any CPU
		{9C435FA5-B593-3DAE-AE54-027B6B009D67}.Shipping|Win64.ActiveCfg = Release|Any CPU
		{9C435FA5-B593-3DAE-AE54-027B6B009D67}.Shipping|Win64.Build.0 = Release|Any CPU
		{C3ABF7D3-78F7-37C1-AA02-6B72F5CEFCCE}.DebugGame Editor|Win64.ActiveCfg = Release|Any CPU
		{C3ABF7D3-78F7-37C1-AA02-6B72F5CEFCCE}.DebugGame Editor|Win64.Build.0 = Release|Any CPU
		{C3ABF7D3-78F7-37C1-AA02-6B72F5CEFCCE}.DebugGame|Win64.ActiveCfg = Release|Any CPU
		{C3ABF7D3-78F7-37C1-AA02-6B72F5CEFCCE}.DebugGame|Win64.Build.0 = Release|Any CPU
		{C3ABF7D3-78F7-37C1-AA02-6B72F5CEFCCE}.Development Editor|Win64.ActiveCfg = Release|Any CPU
		{C3ABF7D3-78F7-37C1-AA02-6B72F5CEFCCE}.Development Editor|Win64.Build.0 = Release|Any CPU
		{C3ABF7D3-78F7-37C1-AA02-6B72F5CEFCCE}.Development|Win64.ActiveCfg = Release|Any CPU
		{C3ABF7D3-78F7-37C1-AA02-6B72F5CEFCCE}.Development|Win64.Build.0 = Release|Any CPU
		{C3ABF7D3-78F7-37C1-AA02-6B72F5CEFCCE}.Shipping|Win64.ActiveCfg = Release|Any CPU
		{C3ABF7D3-78F7-37C1-AA02-6B72F5CEFCCE}.Shipping|Win64.Build.0 = Release|Any CPU
	EndGlobalSection
	GlobalSection(SolutionProperties) = preSolution
		HideSolutionNode = FALSE
	EndGlobalSection
	GlobalSection(NestedProjects) = preSolution
		{CB909393-A35E-3D8C-A7BC-9B6020183217} = {233774A8-CC9D-3FA9-86D1-90573E92B704}
		{EE96D978-36EB-3280-B598-5B0A750E537F} = {DE1F8B53-6C02-3C13-9101-A7C8D96F3FF6}
		{965D07D3-B794-3146-9033-65365DD7D88A} = {A338B9E2-A559-34BE-A46D-F789DD488FAD}
		{B68C47D1-1B94-3F70-B1E6-1A8507C87372} = {A338B9E2-A559-34BE-A46D-F789DD488FAD}
		{13D6CA37-9F29-31AC-BA39-58304B5D604F} = {A338B9E2-A559-34BE-A46D-F789DD488FAD}
		{0BFBE63A-B98A-3411-8EEB-8918FEC737B3} = {A338B9E2-A559-34BE-A46D-F789DD488FAD}
		{7B5CFB44-F0FB-31DF-AE62-C3C096A29A7B} = {A338B9E2-A559-34BE-A46D-F789DD488FAD}
		{57713676-9DBE-331C-AD10-26632AC9EE0C} = {A338B9E2-A559-34BE-A46D-F789DD488FAD}
		{4F2DC4D4-0450-3FFB-9F58-2F3EAA09C399} = {0BFBE63A-B98A-3411-8EEB-8918FEC737B3}
		{07C9AF01-B130-3027-ACE7-F30D4055597A} = {0BFBE63A-B98A-3411-8EEB-8918FEC737B3}
		{434CBDAC-7009-36EE-A326-809FA6149E8E} = {0BFBE63A-B98A-3411-8EEB-8918FEC737B3}
		{9F5443EC-C055-396E-B4CF-74B8EA026D87} = {0BFBE63A-B98A-3411-8EEB-8918FEC737B3}
		{5F0C079F-2BC3-3E6D-B3AA-8FEB3A48F8E4} = {0BFBE63A-B98A-3411-8EEB-8918FEC737B3}
		{6B6011FA-DD11-355E-804C-A88932BFE962} = {0BFBE63A-B98A-3411-8EEB-8918FEC737B3}
		{20862BB6-8DE2-325F-993C-DA509FC39930} = {0BFBE63A-B98A-3411-8EEB-8918FEC737B3}
		{10CF83BB-5BD7-3267-AFD6-8A5F5BC9ED8F} = {0BFBE63A-B98A-3411-8EEB-8918FEC737B3}
		{92A24734-AE18-3107-9185-6F517C2EB7A6} = {0BFBE63A-B98A-3411-8EEB-8918FEC737B3}
		{327138D3-9CDF-37B4-B0AD-22B08B907367} = {0BFBE63A-B98A-3411-8EEB-8918FEC737B3}
		{1F60C35C-7F13-35E8-8F7E-F0B13959B9CB} = {0BFBE63A-B98A-3411-8EEB-8918FEC737B3}
		{B72ADE17-13A6-3826-ACCC-9D9C29A6FFAA} = {0BFBE63A-B98A-3411-8EEB-8918FEC737B3}
		{08369896-E51C-3ADF-9E69-FC02A1FDD86D} = {0BFBE63A-B98A-3411-8EEB-8918FEC737B3}
		{11311392-C1BF-3505-AA43-2D133A4E6EE6} = {0BFBE63A-B98A-3411-8EEB-8918FEC737B3}
		{CA22C2C6-7A0D-3CB9-99A9-AFFD170E67EA} = {0BFBE63A-B98A-3411-8EEB-8918FEC737B3}
		{87D32A36-8268-39C5-A597-B93C5E73C57D} = {0BFBE63A-B98A-3411-8EEB-8918FEC737B3}
		{BD9F0A4D-7820-3DA5-BD85-A8120CFB5C9C} = {0BFBE63A-B98A-3411-8EEB-8918FEC737B3}
		{F0B04569-17C5-3782-9D57-77EB59982CCD} = {0BFBE63A-B98A-3411-8EEB-8918FEC737B3}
		{7066ACF7-F24A-36F4-9947-AFFA4E358B5E} = {0BFBE63A-B98A-3411-8EEB-8918FEC737B3}
		{E20D1A09-B735-3202-9B84-EA97CE70AF37} = {0BFBE63A-B98A-3411-8EEB-8918FEC737B3}
		{2A3D21E6-E705-38C7-B908-9B00C2BE112C} = {7B5CFB44-F0FB-31DF-AE62-C3C096A29A7B}
		{B3FB643C-D5AF-384A-914A-AAAFFE11855B} = {57713676-9DBE-331C-AD10-26632AC9EE0C}
		{FB483518-D3E5-3887-B35E-FE2F6853AD81} = {57713676-9DBE-331C-AD10-26632AC9EE0C}
		{C20DCCD8-A1CC-3C08-93CB-4924D134DAC2} = {57713676-9DBE-331C-AD10-26632AC9EE0C}
		{99463227-1284-35E3-9141-C68AFEED1671} = {57713676-9DBE-331C-AD10-26632AC9EE0C}
		{435F1398-EE19-3B85-BCB0-C165A2028128} = {57713676-9DBE-331C-AD10-26632AC9EE0C}
		{8C31AB51-84A6-35E9-8D5F-92B579E25F54} = {57713676-9DBE-331C-AD10-26632AC9EE0C}
		{4C984D06-A2F7-3232-8A38-7CC92D2B286E} = {57713676-9DBE-331C-AD10-26632AC9EE0C}
		{69A25F92-5669-39D5-BFE2-C37FAC9100B8} = {57713676-9DBE-331C-AD10-26632AC9EE0C}
		{5BF780DE-C14D-391F-85EE-018D562E88FC} = {57713676-9DBE-331C-AD10-26632AC9EE0C}
		{FEDB6A68-F641-373C-8D9C-867C59938A3B} = {57713676-9DBE-331C-AD10-26632AC9EE0C}
		{2C061236-B2F5-399A-8790-E6DB8C43CDC4} = {57713676-9DBE-331C-AD10-26632AC9EE0C}
		{72B881F5-AD72-3AA9-B305-41EDD31FD550} = {57713676-9DBE-331C-AD10-26632AC9EE0C}
		{41CF8B54-3293-3E59-BC3D-237586A4BBDB} = {57713676-9DBE-331C-AD10-26632AC9EE0C}
		{6CDE87D7-4FC6-339C-AD13-EA0659C1A77A} = {57713676-9DBE-331C-AD10-26632AC9EE0C}
		{7D7D803E-1EF8-3B92-8BF2-753466229E81} = {57713676-9DBE-331C-AD10-26632AC9EE0C}
		{4183AB32-2173-30DF-AD21-8C1E236341F6} = {57713676-9DBE-331C-AD10-26632AC9EE0C}
		{36BD2B1B-A873-3182-A9FE-35446DFD0DB3} = {57713676-9DBE-331C-AD10-26632AC9EE0C}
		{2E0B2C2C-53F1-3639-96FB-69EE3518107E} = {57713676-9DBE-331C-AD10-26632AC9EE0C}
		{ABD342C8-153F-3CAC-8D26-620A8F3521D3} = {57713676-9DBE-331C-AD10-26632AC9EE0C}
		{C8FC14A1-5138-39D0-915B-947A7037057A} = {57713676-9DBE-331C-AD10-26632AC9EE0C}
		{A0EBEF9A-C6D2-3DA6-A66F-CA2D2830F215} = {57713676-9DBE-331C-AD10-26632AC9EE0C}
		{A5DE8264-AF01-38FD-94F6-3591F2A96844} = {57713676-9DBE-331C-AD10-26632AC9EE0C}
		{7E15E45E-DEB9-3D1A-B107-E0DBB5BD7D46} = {C2F57ECE-B26F-39D8-BDA7-C1D40BD8F180}
		{857619BC-24F4-3ACE-84EB-6CE3AC3D9067} = {C2F57ECE-B26F-39D8-BDA7-C1D40BD8F180}
		{9C435FA5-B593-3DAE-AE54-027B6B009D67} = {C2F57ECE-B26F-39D8-BDA7-C1D40BD8F180}
		{C3ABF7D3-78F7-37C1-AA02-6B72F5CEFCCE} = {C2F57ECE-B26F-39D8-BDA7-C1D40BD8F180}
	EndGlobalSection
EndGlobal
